
Microsoft Visual Studio Solution File, Format Version 12.00
# Visual Studio 15
VisualStudioVersion = 15.0.27130.2024
MinimumVisualStudioVersion = 10.0.40219.1
Project("{FAE04EC0-301F-11D3-BF4B-00C04F79EFBC}") = "HarMorten", "HarMorten\HarMorten.csproj", "{4C28D3E2-6CAD-464A-9403-49D65F1883D5}"
EndProject
Global
	GlobalSection(SolutionConfigurationPlatforms) = preSolution
		Debug|Any CPU = Debug|Any CPU
		Release|Any CPU = Release|Any CPU
	EndGlobalSection
	GlobalSection(ProjectConfigurationPlatforms) = postSolution
		{4C28D3E2-6CAD-464A-9403-49D65F1883D5}.Debug|Any CPU.ActiveCfg = Debug|Any CPU
		{4C28D3E2-6CAD-464A-9403-49D65F1883D5}.Debug|Any CPU.Build.0 = Debug|Any CPU
		{4C28D3E2-6CAD-464A-9403-49D65F1883D5}.Release|Any CPU.ActiveCfg = Release|Any CPU
		{4C28D3E2-6CAD-464A-9403-49D65F1883D5}.Release|Any CPU.Build.0 = Release|Any CPU
	EndGlobalSection
	GlobalSection(SolutionProperties) = preSolution
		HideSolutionNode = FALSE
	EndGlobalSection
	GlobalSection(ExtensibilityGlobals) = postSolution
		SolutionGuid = {17402F60-6057-43E3-8E1B-AEFA3F257263}
	EndGlobalSection
EndGlobal
